// !$*UTF8*$!
{
	archiveVersion = 1;
	classes = {
	};
	objectVersion = 48;
	objects = {

/* Begin PBXBuildFile section */
		911643AB1F5FC4F2008573EB /* MeVC.swift in Sources */ = {isa = PBXBuildFile; fileRef = 911643AA1F5FC4F2008573EB /* MeVC.swift */; };
		911643AD1F5FC8E6008573EB /* CreatePostVC.swift in Sources */ = {isa = PBXBuildFile; fileRef = 911643AC1F5FC8E6008573EB /* CreatePostVC.swift */; };
		913E54B51F605251008717E8 /* UIViewExt.swift in Sources */ = {isa = PBXBuildFile; fileRef = 913E54B41F605251008717E8 /* UIViewExt.swift */; };
		91440ACB1F5F74340081A03D /* AppDelegate.swift in Sources */ = {isa = PBXBuildFile; fileRef = 91440ACA1F5F74340081A03D /* AppDelegate.swift */; };
		91440ACD1F5F74340081A03D /* FeedVC.swift in Sources */ = {isa = PBXBuildFile; fileRef = 91440ACC1F5F74340081A03D /* FeedVC.swift */; };
		91440ACF1F5F74340081A03D /* GroupsVC.swift in Sources */ = {isa = PBXBuildFile; fileRef = 91440ACE1F5F74340081A03D /* GroupsVC.swift */; };
		91440AD21F5F74340081A03D /* Main.storyboard in Resources */ = {isa = PBXBuildFile; fileRef = 91440AD01F5F74340081A03D /* Main.storyboard */; };
		91440AD41F5F74340081A03D /* Assets.xcassets in Resources */ = {isa = PBXBuildFile; fileRef = 91440AD31F5F74340081A03D /* Assets.xcassets */; };
		91440AD71F5F74340081A03D /* LaunchScreen.storyboard in Resources */ = {isa = PBXBuildFile; fileRef = 91440AD51F5F74340081A03D /* LaunchScreen.storyboard */; };
		91440AE51F5F77440081A03D /* DataService.swift in Sources */ = {isa = PBXBuildFile; fileRef = 91440AE41F5F77440081A03D /* DataService.swift */; };
		91440AE81F5F77BB0081A03D /* Constants.swift in Sources */ = {isa = PBXBuildFile; fileRef = 91440AE71F5F77BB0081A03D /* Constants.swift */; };
		91440AEA1F5F81380081A03D /* AuthVC.swift in Sources */ = {isa = PBXBuildFile; fileRef = 91440AE91F5F81380081A03D /* AuthVC.swift */; };
		91440AEC1F5F81730081A03D /* LoginVC.swift in Sources */ = {isa = PBXBuildFile; fileRef = 91440AEB1F5F81730081A03D /* LoginVC.swift */; };
		91440AEE1F5F82660081A03D /* InsetTextField.swift in Sources */ = {isa = PBXBuildFile; fileRef = 91440AED1F5F82660081A03D /* InsetTextField.swift */; };
		91440AF01F5F885A0081A03D /* ShadowView.swift in Sources */ = {isa = PBXBuildFile; fileRef = 91440AEF1F5F885A0081A03D /* ShadowView.swift */; };
		91440AF21F5F896E0081A03D /* AuthService.swift in Sources */ = {isa = PBXBuildFile; fileRef = 91440AF11F5F896E0081A03D /* AuthService.swift */; };
		91BC1DB71F605E0B00C02C20 /* FeedCell.swift in Sources */ = {isa = PBXBuildFile; fileRef = 91BC1DB61F605E0B00C02C20 /* FeedCell.swift */; };
		91BC1DB91F605FB700C02C20 /* Message.swift in Sources */ = {isa = PBXBuildFile; fileRef = 91BC1DB81F605FB700C02C20 /* Message.swift */; };
		91C6CCCF1F5F9115001C1C61 /* GoogleService-Info.plist in Resources */ = {isa = PBXBuildFile; fileRef = 91440AE31F5F76090081A03D /* GoogleService-Info.plist */; };
		BB0853A73BBD8527E20ED681 /* Pods_Breakpoint.framework in Frameworks */ = {isa = PBXBuildFile; fileRef = DB7ADFCF93D5CC8101C56451 /* Pods_Breakpoint.framework */; };
/* End PBXBuildFile section */

/* Begin PBXFileReference section */
		27A867A9F5E4FB3136E3CE51 /* Pods-Breakpoint.release.xcconfig */ = {isa = PBXFileReference; includeInIndex = 1; lastKnownFileType = text.xcconfig; name = "Pods-Breakpoint.release.xcconfig"; path = "Pods/Target Support Files/Pods-Breakpoint/Pods-Breakpoint.release.xcconfig"; sourceTree = "<group>"; };
		911643AA1F5FC4F2008573EB /* MeVC.swift */ = {isa = PBXFileReference; lastKnownFileType = sourcecode.swift; path = MeVC.swift; sourceTree = "<group>"; };
		911643AC1F5FC8E6008573EB /* CreatePostVC.swift */ = {isa = PBXFileReference; lastKnownFileType = sourcecode.swift; path = CreatePostVC.swift; sourceTree = "<group>"; };
		913E54B41F605251008717E8 /* UIViewExt.swift */ = {isa = PBXFileReference; lastKnownFileType = sourcecode.swift; path = UIViewExt.swift; sourceTree = "<group>"; };
		91440AC71F5F74340081A03D /* Breakpoint.app */ = {isa = PBXFileReference; explicitFileType = wrapper.application; includeInIndex = 0; path = Breakpoint.app; sourceTree = BUILT_PRODUCTS_DIR; };
		91440ACA1F5F74340081A03D /* AppDelegate.swift */ = {isa = PBXFileReference; lastKnownFileType = sourcecode.swift; path = AppDelegate.swift; sourceTree = "<group>"; };
		91440ACC1F5F74340081A03D /* FeedVC.swift */ = {isa = PBXFileReference; lastKnownFileType = sourcecode.swift; path = FeedVC.swift; sourceTree = "<group>"; };
		91440ACE1F5F74340081A03D /* GroupsVC.swift */ = {isa = PBXFileReference; lastKnownFileType = sourcecode.swift; path = GroupsVC.swift; sourceTree = "<group>"; };
		91440AD11F5F74340081A03D /* Base */ = {isa = PBXFileReference; lastKnownFileType = file.storyboard; name = Base; path = Base.lproj/Main.storyboard; sourceTree = "<group>"; };
		91440AD31F5F74340081A03D /* Assets.xcassets */ = {isa = PBXFileReference; lastKnownFileType = folder.assetcatalog; path = Assets.xcassets; sourceTree = "<group>"; };
		91440AD61F5F74340081A03D /* Base */ = {isa = PBXFileReference; lastKnownFileType = file.storyboard; name = Base; path = Base.lproj/LaunchScreen.storyboard; sourceTree = "<group>"; };
		91440AD81F5F74340081A03D /* Info.plist */ = {isa = PBXFileReference; lastKnownFileType = text.plist.xml; path = Info.plist; sourceTree = "<group>"; };
		91440AE31F5F76090081A03D /* GoogleService-Info.plist */ = {isa = PBXFileReference; lastKnownFileType = text.plist.xml; path = "GoogleService-Info.plist"; sourceTree = "<group>"; };
		91440AE41F5F77440081A03D /* DataService.swift */ = {isa = PBXFileReference; lastKnownFileType = sourcecode.swift; path = DataService.swift; sourceTree = "<group>"; };
		91440AE71F5F77BB0081A03D /* Constants.swift */ = {isa = PBXFileReference; lastKnownFileType = sourcecode.swift; path = Constants.swift; sourceTree = "<group>"; };
		91440AE91F5F81380081A03D /* AuthVC.swift */ = {isa = PBXFileReference; lastKnownFileType = sourcecode.swift; path = AuthVC.swift; sourceTree = "<group>"; };
		91440AEB1F5F81730081A03D /* LoginVC.swift */ = {isa = PBXFileReference; lastKnownFileType = sourcecode.swift; path = LoginVC.swift; sourceTree = "<group>"; };
		91440AED1F5F82660081A03D /* InsetTextField.swift */ = {isa = PBXFileReference; lastKnownFileType = sourcecode.swift; path = InsetTextField.swift; sourceTree = "<group>"; };
		91440AEF1F5F885A0081A03D /* ShadowView.swift */ = {isa = PBXFileReference; lastKnownFileType = sourcecode.swift; path = ShadowView.swift; sourceTree = "<group>"; };
		91440AF11F5F896E0081A03D /* AuthService.swift */ = {isa = PBXFileReference; lastKnownFileType = sourcecode.swift; path = AuthService.swift; sourceTree = "<group>"; };
		91BC1DB61F605E0B00C02C20 /* FeedCell.swift */ = {isa = PBXFileReference; lastKnownFileType = sourcecode.swift; path = FeedCell.swift; sourceTree = "<group>"; };
		91BC1DB81F605FB700C02C20 /* Message.swift */ = {isa = PBXFileReference; lastKnownFileType = sourcecode.swift; path = Message.swift; sourceTree = "<group>"; };
		AA17B92B6C7AC12F79A9F2E6 /* Pods-Breakpoint.debug.xcconfig */ = {isa = PBXFileReference; includeInIndex = 1; lastKnownFileType = text.xcconfig; name = "Pods-Breakpoint.debug.xcconfig"; path = "Pods/Target Support Files/Pods-Breakpoint/Pods-Breakpoint.debug.xcconfig"; sourceTree = "<group>"; };
		DB7ADFCF93D5CC8101C56451 /* Pods_Breakpoint.framework */ = {isa = PBXFileReference; explicitFileType = wrapper.framework; includeInIndex = 0; path = Pods_Breakpoint.framework; sourceTree = BUILT_PRODUCTS_DIR; };
/* End PBXFileReference section */

/* Begin PBXFrameworksBuildPhase section */
		91440AC41F5F74340081A03D /* Frameworks */ = {
			isa = PBXFrameworksBuildPhase;
			buildActionMask = 2147483647;
			files = (
				BB0853A73BBD8527E20ED681 /* Pods_Breakpoint.framework in Frameworks */,
			);
			runOnlyForDeploymentPostprocessing = 0;
		};
/* End PBXFrameworksBuildPhase section */

/* Begin PBXGroup section */
		64EE348201AE34D4EA80BE98 /* Pods */ = {
			isa = PBXGroup;
			children = (
				AA17B92B6C7AC12F79A9F2E6 /* Pods-Breakpoint.debug.xcconfig */,
				27A867A9F5E4FB3136E3CE51 /* Pods-Breakpoint.release.xcconfig */,
			);
			name = Pods;
			sourceTree = "<group>";
		};
		91440ABE1F5F74330081A03D = {
			isa = PBXGroup;
			children = (
				91440AC91F5F74340081A03D /* Breakpoint */,
				91440AC81F5F74340081A03D /* Products */,
				64EE348201AE34D4EA80BE98 /* Pods */,
				966FBE2C8230B6EC9B61F30D /* Frameworks */,
			);
			sourceTree = "<group>";
		};
		91440AC81F5F74340081A03D /* Products */ = {
			isa = PBXGroup;
			children = (
				91440AC71F5F74340081A03D /* Breakpoint.app */,
			);
			name = Products;
			sourceTree = "<group>";
		};
		91440AC91F5F74340081A03D /* Breakpoint */ = {
			isa = PBXGroup;
			children = (
				91440AE21F5F74A00081A03D /* Services */,
				91440AE11F5F74710081A03D /* Extensions */,
				91440AE61F5F77AB0081A03D /* Utilities */,
				91440AE01F5F745E0081A03D /* Model */,
				91440ADF1F5F745A0081A03D /* View */,
				91440ADE1F5F74530081A03D /* Controller */,
				91440ACA1F5F74340081A03D /* AppDelegate.swift */,
				91440AD31F5F74340081A03D /* Assets.xcassets */,
				91440AD81F5F74340081A03D /* Info.plist */,
				91440AE31F5F76090081A03D /* GoogleService-Info.plist */,
			);
			path = Breakpoint;
			sourceTree = "<group>";
		};
		91440ADE1F5F74530081A03D /* Controller */ = {
			isa = PBXGroup;
			children = (
				91440ACC1F5F74340081A03D /* FeedVC.swift */,
				91440ACE1F5F74340081A03D /* GroupsVC.swift */,
				91440AE91F5F81380081A03D /* AuthVC.swift */,
				91440AEB1F5F81730081A03D /* LoginVC.swift */,
				911643AA1F5FC4F2008573EB /* MeVC.swift */,
				911643AC1F5FC8E6008573EB /* CreatePostVC.swift */,
			);
			path = Controller;
			sourceTree = "<group>";
		};
		91440ADF1F5F745A0081A03D /* View */ = {
			isa = PBXGroup;
			children = (
				91440AD01F5F74340081A03D /* Main.storyboard */,
				91440AD51F5F74340081A03D /* LaunchScreen.storyboard */,
				91440AED1F5F82660081A03D /* InsetTextField.swift */,
				91440AEF1F5F885A0081A03D /* ShadowView.swift */,
				91BC1DB61F605E0B00C02C20 /* FeedCell.swift */,
			);
			path = View;
			sourceTree = "<group>";
		};
		91440AE01F5F745E0081A03D /* Model */ = {
			isa = PBXGroup;
			children = (
				91BC1DB81F605FB700C02C20 /* Message.swift */,
			);
			path = Model;
			sourceTree = "<group>";
		};
		91440AE11F5F74710081A03D /* Extensions */ = {
			isa = PBXGroup;
			children = (
				913E54B41F605251008717E8 /* UIViewExt.swift */,
			);
			path = Extensions;
			sourceTree = "<group>";
		};
		91440AE21F5F74A00081A03D /* Services */ = {
			isa = PBXGroup;
			children = (
				91440AE41F5F77440081A03D /* DataService.swift */,
				91440AF11F5F896E0081A03D /* AuthService.swift */,
			);
			path = Services;
			sourceTree = "<group>";
		};
		91440AE61F5F77AB0081A03D /* Utilities */ = {
			isa = PBXGroup;
			children = (
				91440AE71F5F77BB0081A03D /* Constants.swift */,
			);
			path = Utilities;
			sourceTree = "<group>";
		};
		966FBE2C8230B6EC9B61F30D /* Frameworks */ = {
			isa = PBXGroup;
			children = (
				DB7ADFCF93D5CC8101C56451 /* Pods_Breakpoint.framework */,
			);
			name = Frameworks;
			sourceTree = "<group>";
		};
/* End PBXGroup section */

/* Begin PBXNativeTarget section */
		91440AC61F5F74340081A03D /* Breakpoint */ = {
			isa = PBXNativeTarget;
			buildConfigurationList = 91440ADB1F5F74340081A03D /* Build configuration list for PBXNativeTarget "Breakpoint" */;
			buildPhases = (
				084AC4FBBEB0889000E2CB15 /* [CP] Check Pods Manifest.lock */,
				91440AC31F5F74340081A03D /* Sources */,
				91440AC41F5F74340081A03D /* Frameworks */,
				91440AC51F5F74340081A03D /* Resources */,
				E6AE121FBB0253ADF5512292 /* [CP] Embed Pods Frameworks */,
				C65BFDBD23165D73ECC36700 /* [CP] Copy Pods Resources */,
			);
			buildRules = (
			);
			dependencies = (
			);
			name = Breakpoint;
			productName = Breakpoint;
			productReference = 91440AC71F5F74340081A03D /* Breakpoint.app */;
			productType = "com.apple.product-type.application";
		};
/* End PBXNativeTarget section */

/* Begin PBXProject section */
		91440ABF1F5F74330081A03D /* Project object */ = {
			isa = PBXProject;
			attributes = {
				LastSwiftUpdateCheck = 0900;
				LastUpgradeCheck = 0900;
				ORGANIZATIONNAME = SeanPerez;
				TargetAttributes = {
					91440AC61F5F74340081A03D = {
						CreatedOnToolsVersion = 9.0;
						ProvisioningStyle = Automatic;
					};
				};
			};
			buildConfigurationList = 91440AC21F5F74330081A03D /* Build configuration list for PBXProject "Breakpoint" */;
			compatibilityVersion = "Xcode 8.0";
			developmentRegion = en;
			hasScannedForEncodings = 0;
			knownRegions = (
				en,
				Base,
			);
			mainGroup = 91440ABE1F5F74330081A03D;
			productRefGroup = 91440AC81F5F74340081A03D /* Products */;
			projectDirPath = "";
			projectRoot = "";
			targets = (
				91440AC61F5F74340081A03D /* Breakpoint */,
			);
		};
/* End PBXProject section */

/* Begin PBXResourcesBuildPhase section */
		91440AC51F5F74340081A03D /* Resources */ = {
			isa = PBXResourcesBuildPhase;
			buildActionMask = 2147483647;
			files = (
				91440AD71F5F74340081A03D /* LaunchScreen.storyboard in Resources */,
				91C6CCCF1F5F9115001C1C61 /* GoogleService-Info.plist in Resources */,
				91440AD41F5F74340081A03D /* Assets.xcassets in Resources */,
				91440AD21F5F74340081A03D /* Main.storyboard in Resources */,
			);
			runOnlyForDeploymentPostprocessing = 0;
		};
/* End PBXResourcesBuildPhase section */

/* Begin PBXShellScriptBuildPhase section */
		084AC4FBBEB0889000E2CB15 /* [CP] Check Pods Manifest.lock */ = {
			isa = PBXShellScriptBuildPhase;
			buildActionMask = 2147483647;
			files = (
			);
			inputPaths = (
			);
			name = "[CP] Check Pods Manifest.lock";
			outputPaths = (
			);
			runOnlyForDeploymentPostprocessing = 0;
			shellPath = /bin/sh;
			shellScript = "diff \"${PODS_PODFILE_DIR_PATH}/Podfile.lock\" \"${PODS_ROOT}/Manifest.lock\" > /dev/null\nif [ $? != 0 ] ; then\n    # print error to STDERR\n    echo \"error: The sandbox is not in sync with the Podfile.lock. Run 'pod install' or update your CocoaPods installation.\" >&2\n    exit 1\nfi\n";
			showEnvVarsInLog = 0;
		};
		C65BFDBD23165D73ECC36700 /* [CP] Copy Pods Resources */ = {
			isa = PBXShellScriptBuildPhase;
			buildActionMask = 2147483647;
			files = (
			);
			inputPaths = (
			);
			name = "[CP] Copy Pods Resources";
			outputPaths = (
			);
			runOnlyForDeploymentPostprocessing = 0;
			shellPath = /bin/sh;
			shellScript = "\"${SRCROOT}/Pods/Target Support Files/Pods-Breakpoint/Pods-Breakpoint-resources.sh\"\n";
			showEnvVarsInLog = 0;
		};
		E6AE121FBB0253ADF5512292 /* [CP] Embed Pods Frameworks */ = {
			isa = PBXShellScriptBuildPhase;
			buildActionMask = 2147483647;
			files = (
			);
			inputPaths = (
			);
			name = "[CP] Embed Pods Frameworks";
			outputPaths = (
			);
			runOnlyForDeploymentPostprocessing = 0;
			shellPath = /bin/sh;
			shellScript = "\"${SRCROOT}/Pods/Target Support Files/Pods-Breakpoint/Pods-Breakpoint-frameworks.sh\"\n";
			showEnvVarsInLog = 0;
		};
/* End PBXShellScriptBuildPhase section */

/* Begin PBXSourcesBuildPhase section */
		91440AC31F5F74340081A03D /* Sources */ = {
			isa = PBXSourcesBuildPhase;
			buildActionMask = 2147483647;
			files = (
				913E54B51F605251008717E8 /* UIViewExt.swift in Sources */,
				91440AF01F5F885A0081A03D /* ShadowView.swift in Sources */,
				91440AEA1F5F81380081A03D /* AuthVC.swift in Sources */,
				91440AE81F5F77BB0081A03D /* Constants.swift in Sources */,
				91440AEC1F5F81730081A03D /* LoginVC.swift in Sources */,
				91440AEE1F5F82660081A03D /* InsetTextField.swift in Sources */,
				91440ACF1F5F74340081A03D /* GroupsVC.swift in Sources */,
				91BC1DB71F605E0B00C02C20 /* FeedCell.swift in Sources */,
				91440ACB1F5F74340081A03D /* AppDelegate.swift in Sources */,
				911643AB1F5FC4F2008573EB /* MeVC.swift in Sources */,
				911643AD1F5FC8E6008573EB /* CreatePostVC.swift in Sources */,
				91440AF21F5F896E0081A03D /* AuthService.swift in Sources */,
				91BC1DB91F605FB700C02C20 /* Message.swift in Sources */,
				91440ACD1F5F74340081A03D /* FeedVC.swift in Sources */,
				91440AE51F5F77440081A03D /* DataService.swift in Sources */,
			);
			runOnlyForDeploymentPostprocessing = 0;
		};
/* End PBXSourcesBuildPhase section */

/* Begin PBXVariantGroup section */
		91440AD01F5F74340081A03D /* Main.storyboard */ = {
			isa = PBXVariantGroup;
			children = (
				91440AD11F5F74340081A03D /* Base */,
			);
			name = Main.storyboard;
			sourceTree = "<group>";
		};
		91440AD51F5F74340081A03D /* LaunchScreen.storyboard */ = {
			isa = PBXVariantGroup;
			children = (
				91440AD61F5F74340081A03D /* Base */,
			);
			name = LaunchScreen.storyboard;
			sourceTree = "<group>";
		};
/* End PBXVariantGroup section */

/* Begin XCBuildConfiguration section */
		91440AD91F5F74340081A03D /* Debug */ = {
			isa = XCBuildConfiguration;
			buildSettings = {
				ALWAYS_SEARCH_USER_PATHS = NO;
				CLANG_ANALYZER_NONNULL = YES;
				CLANG_ANALYZER_NUMBER_OBJECT_CONVERSION = YES_AGGRESSIVE;
				CLANG_CXX_LANGUAGE_STANDARD = "gnu++14";
				CLANG_CXX_LIBRARY = "libc++";
				CLANG_ENABLE_MODULES = YES;
				CLANG_ENABLE_OBJC_ARC = YES;
				CLANG_WARN_BLOCK_CAPTURE_AUTORELEASING = YES;
				CLANG_WARN_BOOL_CONVERSION = YES;
				CLANG_WARN_COMMA = YES;
				CLANG_WARN_CONSTANT_CONVERSION = YES;
				CLANG_WARN_DIRECT_OBJC_ISA_USAGE = YES_ERROR;
				CLANG_WARN_DOCUMENTATION_COMMENTS = YES;
				CLANG_WARN_EMPTY_BODY = YES;
				CLANG_WARN_ENUM_CONVERSION = YES;
				CLANG_WARN_INFINITE_RECURSION = YES;
				CLANG_WARN_INT_CONVERSION = YES;
				CLANG_WARN_NON_LITERAL_NULL_CONVERSION = YES;
				CLANG_WARN_OBJC_LITERAL_CONVERSION = YES;
				CLANG_WARN_OBJC_ROOT_CLASS = YES_ERROR;
				CLANG_WARN_RANGE_LOOP_ANALYSIS = YES;
				CLANG_WARN_STRICT_PROTOTYPES = YES;
				CLANG_WARN_SUSPICIOUS_MOVE = YES;
				CLANG_WARN_UNGUARDED_AVAILABILITY = YES_AGGRESSIVE;
				CLANG_WARN_UNREACHABLE_CODE = YES;
				CLANG_WARN__DUPLICATE_METHOD_MATCH = YES;
				CODE_SIGN_IDENTITY = "iPhone Developer";
				COPY_PHASE_STRIP = NO;
				DEBUG_INFORMATION_FORMAT = dwarf;
				ENABLE_STRICT_OBJC_MSGSEND = YES;
				ENABLE_TESTABILITY = YES;
				GCC_C_LANGUAGE_STANDARD = gnu11;
				GCC_DYNAMIC_NO_PIC = NO;
				GCC_NO_COMMON_BLOCKS = YES;
				GCC_OPTIMIZATION_LEVEL = 0;
				GCC_PREPROCESSOR_DEFINITIONS = (
					"DEBUG=1",
					"$(inherited)",
				);
				GCC_WARN_64_TO_32_BIT_CONVERSION = YES;
				GCC_WARN_ABOUT_RETURN_TYPE = YES_ERROR;
				GCC_WARN_UNDECLARED_SELECTOR = YES;
				GCC_WARN_UNINITIALIZED_AUTOS = YES_AGGRESSIVE;
				GCC_WARN_UNUSED_FUNCTION = YES;
				GCC_WARN_UNUSED_VARIABLE = YES;
				IPHONEOS_DEPLOYMENT_TARGET = 11.0;
				MTL_ENABLE_DEBUG_INFO = YES;
				ONLY_ACTIVE_ARCH = YES;
				SDKROOT = iphoneos;
				SWIFT_ACTIVE_COMPILATION_CONDITIONS = DEBUG;
				SWIFT_OPTIMIZATION_LEVEL = "-Onone";
			};
			name = Debug;
		};
		91440ADA1F5F74340081A03D /* Release */ = {
			isa = XCBuildConfiguration;
			buildSettings = {
				ALWAYS_SEARCH_USER_PATHS = NO;
				CLANG_ANALYZER_NONNULL = YES;
				CLANG_ANALYZER_NUMBER_OBJECT_CONVERSION = YES_AGGRESSIVE;
				CLANG_CXX_LANGUAGE_STANDARD = "gnu++14";
				CLANG_CXX_LIBRARY = "libc++";
				CLANG_ENABLE_MODULES = YES;
				CLANG_ENABLE_OBJC_ARC = YES;
				CLANG_WARN_BLOCK_CAPTURE_AUTORELEASING = YES;
				CLANG_WARN_BOOL_CONVERSION = YES;
				CLANG_WARN_COMMA = YES;
				CLANG_WARN_CONSTANT_CONVERSION = YES;
				CLANG_WARN_DIRECT_OBJC_ISA_USAGE = YES_ERROR;
				CLANG_WARN_DOCUMENTATION_COMMENTS = YES;
				CLANG_WARN_EMPTY_BODY = YES;
				CLANG_WARN_ENUM_CONVERSION = YES;
				CLANG_WARN_INFINITE_RECURSION = YES;
				CLANG_WARN_INT_CONVERSION = YES;
				CLANG_WARN_NON_LITERAL_NULL_CONVERSION = YES;
				CLANG_WARN_OBJC_LITERAL_CONVERSION = YES;
				CLANG_WARN_OBJC_ROOT_CLASS = YES_ERROR;
				CLANG_WARN_RANGE_LOOP_ANALYSIS = YES;
				CLANG_WARN_STRICT_PROTOTYPES = YES;
				CLANG_WARN_SUSPICIOUS_MOVE = YES;
				CLANG_WARN_UNGUARDED_AVAILABILITY = YES_AGGRESSIVE;
				CLANG_WARN_UNREACHABLE_CODE = YES;
				CLANG_WARN__DUPLICATE_METHOD_MATCH = YES;
				CODE_SIGN_IDENTITY = "iPhone Developer";
				COPY_PHASE_STRIP = NO;
				DEBUG_INFORMATION_FORMAT = "dwarf-with-dsym";
				ENABLE_NS_ASSERTIONS = NO;
				ENABLE_STRICT_OBJC_MSGSEND = YES;
				GCC_C_LANGUAGE_STANDARD = gnu11;
				GCC_NO_COMMON_BLOCKS = YES;
				GCC_WARN_64_TO_32_BIT_CONVERSION = YES;
				GCC_WARN_ABOUT_RETURN_TYPE = YES_ERROR;
				GCC_WARN_UNDECLARED_SELECTOR = YES;
				GCC_WARN_UNINITIALIZED_AUTOS = YES_AGGRESSIVE;
				GCC_WARN_UNUSED_FUNCTION = YES;
				GCC_WARN_UNUSED_VARIABLE = YES;
				IPHONEOS_DEPLOYMENT_TARGET = 11.0;
				MTL_ENABLE_DEBUG_INFO = NO;
				SDKROOT = iphoneos;
				SWIFT_OPTIMIZATION_LEVEL = "-Owholemodule";
				VALIDATE_PRODUCT = YES;
			};
			name = Release;
		};
		91440ADC1F5F74340081A03D /* Debug */ = {
			isa = XCBuildConfiguration;
			baseConfigurationReference = AA17B92B6C7AC12F79A9F2E6 /* Pods-Breakpoint.debug.xcconfig */;
			buildSettings = {
				ASSETCATALOG_COMPILER_APPICON_NAME = AppIcon;
				CODE_SIGN_STYLE = Automatic;
				DEVELOPMENT_TEAM = C54QH5F96U;
				INFOPLIST_FILE = Breakpoint/Info.plist;
				LD_RUNPATH_SEARCH_PATHS = "$(inherited) @executable_path/Frameworks";
				PRODUCT_BUNDLE_IDENTIFIER = com.SeanPerez.Breakpoint;
				PRODUCT_NAME = "$(TARGET_NAME)";
				SWIFT_VERSION = 4.0;
				TARGETED_DEVICE_FAMILY = "1,2";
			};
			name = Debug;
		};
		91440ADD1F5F74340081A03D /* Release */ = {
			isa = XCBuildConfiguration;
			baseConfigurationReference = 27A867A9F5E4FB3136E3CE51 /* Pods-Breakpoint.release.xcconfig */;
			buildSettings = {
				ASSETCATALOG_COMPILER_APPICON_NAME = AppIcon;
				CODE_SIGN_STYLE = Automatic;
				DEVELOPMENT_TEAM = C54QH5F96U;
				INFOPLIST_FILE = Breakpoint/Info.plist;
				LD_RUNPATH_SEARCH_PATHS = "$(inherited) @executable_path/Frameworks";
				PRODUCT_BUNDLE_IDENTIFIER = com.SeanPerez.Breakpoint;
				PRODUCT_NAME = "$(TARGET_NAME)";
				SWIFT_VERSION = 4.0;
				TARGETED_DEVICE_FAMILY = "1,2";
			};
			name = Release;
		};
/* End XCBuildConfiguration section */

/* Begin XCConfigurationList section */
		91440AC21F5F74330081A03D /* Build configuration list for PBXProject "Breakpoint" */ = {
			isa = XCConfigurationList;
			buildConfigurations = (
				91440AD91F5F74340081A03D /* Debug */,
				91440ADA1F5F74340081A03D /* Release */,
			);
			defaultConfigurationIsVisible = 0;
			defaultConfigurationName = Release;
		};
		91440ADB1F5F74340081A03D /* Build configuration list for PBXNativeTarget "Breakpoint" */ = {
			isa = XCConfigurationList;
			buildConfigurations = (
				91440ADC1F5F74340081A03D /* Debug */,
				91440ADD1F5F74340081A03D /* Release */,
			);
			defaultConfigurationIsVisible = 0;
			defaultConfigurationName = Release;
		};
/* End XCConfigurationList section */
	};
	rootObject = 91440ABF1F5F74330081A03D /* Project object */;
}
